{
  "nodes": {
    "catppuccin": {
      "locked": {
        "lastModified": 1731088327,
        "narHash": "sha256-Oizjf0wXBTqALipX4fQdGjq9IBSCXz8wwcfCGRK73bI=",
        "owner": "catppuccin",
        "repo": "nix",
        "rev": "7bebd062df3239c005c0d600f5dfd8514f5915f8",
        "type": "github"
      },
      "original": {
        "owner": "catppuccin",
        "repo": "nix",
        "type": "github"
      }
    },
    "home-manager": {
      "inputs": {
        "nixpkgs": [
          "nixpkgs"
        ]
      },
      "locked": {
        "lastModified": 1728903686,
        "narHash": "sha256-ZHFrGNWDDriZ4m8CA/5kDa250SG1LiiLPApv1p/JF0o=",
        "owner": "nix-community",
        "repo": "home-manager",
        "rev": "e1aec543f5caf643ca0d94b6a633101942fd065f",
        "type": "github"
      },
      "original": {
        "owner": "nix-community",
        "repo": "home-manager",
        "type": "github"
      }
    },
    "nixpkgs": {
      "locked": {
        "lastModified": 1728888510,
        "narHash": "sha256-nsNdSldaAyu6PE3YUA+YQLqUDJh+gRbBooMMekZJwvI=",
        "owner": "nixos",
        "repo": "nixpkgs",
        "rev": "a3c0b3b21515f74fd2665903d4ce6bc4dc81c77c",
        "type": "github"
      },
      "original": {
        "owner": "nixos",
        "ref": "nixos-unstable",
        "repo": "nixpkgs",
        "type": "github"
      }
    },
    "root": {
      "inputs": {
        "catppuccin": "catppuccin",
        "home-manager": "home-manager",
        "nixpkgs": "nixpkgs"
      }
    }
  },
  "root": "root",
  "version": 7
}
